// !$*UTF8*$!
{
	archiveVersion = 1;
	classes = {
	};
	objectVersion = 55;
	objects = {

/* Begin PBXBuildFile section */
		262B3E08283D278200D788DA /* lazyfishApp.swift in Sources */ = {isa = PBXBuildFile; fileRef = 262B3E07283D278200D788DA /* lazyfishApp.swift */; };
		262B3E0C283D278200D788DA /* Assets.xcassets in Resources */ = {isa = PBXBuildFile; fileRef = 262B3E0B283D278200D788DA /* Assets.xcassets */; };
		262B3E0F283D278200D788DA /* Preview Assets.xcassets in Resources */ = {isa = PBXBuildFile; fileRef = 262B3E0E283D278200D788DA /* Preview Assets.xcassets */; };
		262B3E11283D278200D788DA /* Persistence.swift in Sources */ = {isa = PBXBuildFile; fileRef = 262B3E10283D278200D788DA /* Persistence.swift */; };
		262B3E14283D278200D788DA /* lazyfish.xcdatamodeld in Sources */ = {isa = PBXBuildFile; fileRef = 262B3E12283D278200D788DA /* lazyfish.xcdatamodeld */; };
		262B3E1E283D278200D788DA /* lazyfishTests.swift in Sources */ = {isa = PBXBuildFile; fileRef = 262B3E1D283D278200D788DA /* lazyfishTests.swift */; };
		262B3E28283D278200D788DA /* lazyfishUITests.swift in Sources */ = {isa = PBXBuildFile; fileRef = 262B3E27283D278200D788DA /* lazyfishUITests.swift */; };
		262B3E2A283D278200D788DA /* lazyfishUITestsLaunchTests.swift in Sources */ = {isa = PBXBuildFile; fileRef = 262B3E29283D278200D788DA /* lazyfishUITestsLaunchTests.swift */; };
		262B3E39283DD32400D788DA /* LoginView.swift in Sources */ = {isa = PBXBuildFile; fileRef = 262B3E38283DD32400D788DA /* LoginView.swift */; };
		263337152840D1A500E80466 /* Global.swift in Sources */ = {isa = PBXBuildFile; fileRef = 263337142840D1A500E80466 /* Global.swift */; };
		263337192840D91A00E80466 /* EntranceView.swift in Sources */ = {isa = PBXBuildFile; fileRef = 263337182840D91A00E80466 /* EntranceView.swift */; };
		2633371D2840ED3E00E80466 /* ContextView.swift in Sources */ = {isa = PBXBuildFile; fileRef = 2633371C2840ED3E00E80466 /* ContextView.swift */; };
		263337212841123100E80466 /* ProfileView.swift in Sources */ = {isa = PBXBuildFile; fileRef = 263337202841123100E80466 /* ProfileView.swift */; };
		263337232841128600E80466 /* UploadView.swift in Sources */ = {isa = PBXBuildFile; fileRef = 263337222841128600E80466 /* UploadView.swift */; };
		263337252841129000E80466 /* PaymentView.swift in Sources */ = {isa = PBXBuildFile; fileRef = 263337242841129000E80466 /* PaymentView.swift */; };
		263337272841129B00E80466 /* AddressView.swift in Sources */ = {isa = PBXBuildFile; fileRef = 263337262841129B00E80466 /* AddressView.swift */; };
		26333729284112B800E80466 /* ItemCategoryView.swift in Sources */ = {isa = PBXBuildFile; fileRef = 26333728284112B800E80466 /* ItemCategoryView.swift */; };
		2633372B284112C600E80466 /* ItemView.swift in Sources */ = {isa = PBXBuildFile; fileRef = 2633372A284112C600E80466 /* ItemView.swift */; };
		2633372F2841160A00E80466 /* SettingsView.swift in Sources */ = {isa = PBXBuildFile; fileRef = 2633372E2841160A00E80466 /* SettingsView.swift */; };
		263337322841A34400E80466 /* Users.swift in Sources */ = {isa = PBXBuildFile; fileRef = 263337312841A34400E80466 /* Users.swift */; };
		6394DDE99E1BCA455E92E811 /* Pods_lazyfish.framework in Frameworks */ = {isa = PBXBuildFile; fileRef = 452F6E8BFDC7D9F9129BAEDD /* Pods_lazyfish.framework */; };
/* End PBXBuildFile section */

/* Begin PBXContainerItemProxy section */
		262B3E1A283D278200D788DA /* PBXContainerItemProxy */ = {
			isa = PBXContainerItemProxy;
			containerPortal = 262B3DFC283D278200D788DA /* Project object */;
			proxyType = 1;
			remoteGlobalIDString = 262B3E03283D278200D788DA;
			remoteInfo = lazyfish;
		};
		262B3E24283D278200D788DA /* PBXContainerItemProxy */ = {
			isa = PBXContainerItemProxy;
			containerPortal = 262B3DFC283D278200D788DA /* Project object */;
			proxyType = 1;
			remoteGlobalIDString = 262B3E03283D278200D788DA;
			remoteInfo = lazyfish;
		};
/* End PBXContainerItemProxy section */

/* Begin PBXFileReference section */
		262B3E04283D278200D788DA /* lazyfish.app */ = {isa = PBXFileReference; explicitFileType = wrapper.application; includeInIndex = 0; path = lazyfish.app; sourceTree = BUILT_PRODUCTS_DIR; };
		262B3E07283D278200D788DA /* lazyfishApp.swift */ = {isa = PBXFileReference; lastKnownFileType = sourcecode.swift; path = lazyfishApp.swift; sourceTree = "<group>"; };
		262B3E0B283D278200D788DA /* Assets.xcassets */ = {isa = PBXFileReference; lastKnownFileType = folder.assetcatalog; path = Assets.xcassets; sourceTree = "<group>"; };
		262B3E0E283D278200D788DA /* Preview Assets.xcassets */ = {isa = PBXFileReference; lastKnownFileType = folder.assetcatalog; path = "Preview Assets.xcassets"; sourceTree = "<group>"; };
		262B3E10283D278200D788DA /* Persistence.swift */ = {isa = PBXFileReference; lastKnownFileType = sourcecode.swift; path = Persistence.swift; sourceTree = "<group>"; };
		262B3E13283D278200D788DA /* lazyfish.xcdatamodel */ = {isa = PBXFileReference; lastKnownFileType = wrapper.xcdatamodel; path = lazyfish.xcdatamodel; sourceTree = "<group>"; };
		262B3E19283D278200D788DA /* lazyfishTests.xctest */ = {isa = PBXFileReference; explicitFileType = wrapper.cfbundle; includeInIndex = 0; path = lazyfishTests.xctest; sourceTree = BUILT_PRODUCTS_DIR; };
		262B3E1D283D278200D788DA /* lazyfishTests.swift */ = {isa = PBXFileReference; lastKnownFileType = sourcecode.swift; path = lazyfishTests.swift; sourceTree = "<group>"; };
		262B3E23283D278200D788DA /* lazyfishUITests.xctest */ = {isa = PBXFileReference; explicitFileType = wrapper.cfbundle; includeInIndex = 0; path = lazyfishUITests.xctest; sourceTree = BUILT_PRODUCTS_DIR; };
		262B3E27283D278200D788DA /* lazyfishUITests.swift */ = {isa = PBXFileReference; lastKnownFileType = sourcecode.swift; path = lazyfishUITests.swift; sourceTree = "<group>"; };
		262B3E29283D278200D788DA /* lazyfishUITestsLaunchTests.swift */ = {isa = PBXFileReference; lastKnownFileType = sourcecode.swift; path = lazyfishUITestsLaunchTests.swift; sourceTree = "<group>"; };
		262B3E38283DD32400D788DA /* LoginView.swift */ = {isa = PBXFileReference; lastKnownFileType = sourcecode.swift; path = LoginView.swift; sourceTree = "<group>"; };
		263337142840D1A500E80466 /* Global.swift */ = {isa = PBXFileReference; lastKnownFileType = sourcecode.swift; path = Global.swift; sourceTree = "<group>"; };
		263337182840D91A00E80466 /* EntranceView.swift */ = {isa = PBXFileReference; lastKnownFileType = sourcecode.swift; path = EntranceView.swift; sourceTree = "<group>"; };
		2633371C2840ED3E00E80466 /* ContextView.swift */ = {isa = PBXFileReference; lastKnownFileType = sourcecode.swift; path = ContextView.swift; sourceTree = "<group>"; };
		263337202841123100E80466 /* ProfileView.swift */ = {isa = PBXFileReference; lastKnownFileType = sourcecode.swift; path = ProfileView.swift; sourceTree = "<group>"; };
		263337222841128600E80466 /* UploadView.swift */ = {isa = PBXFileReference; lastKnownFileType = sourcecode.swift; path = UploadView.swift; sourceTree = "<group>"; };
		263337242841129000E80466 /* PaymentView.swift */ = {isa = PBXFileReference; lastKnownFileType = sourcecode.swift; path = PaymentView.swift; sourceTree = "<group>"; };
		263337262841129B00E80466 /* AddressView.swift */ = {isa = PBXFileReference; lastKnownFileType = sourcecode.swift; path = AddressView.swift; sourceTree = "<group>"; };
		26333728284112B800E80466 /* ItemCategoryView.swift */ = {isa = PBXFileReference; lastKnownFileType = sourcecode.swift; path = ItemCategoryView.swift; sourceTree = "<group>"; };
		2633372A284112C600E80466 /* ItemView.swift */ = {isa = PBXFileReference; lastKnownFileType = sourcecode.swift; path = ItemView.swift; sourceTree = "<group>"; };
		2633372E2841160A00E80466 /* SettingsView.swift */ = {isa = PBXFileReference; lastKnownFileType = sourcecode.swift; path = SettingsView.swift; sourceTree = "<group>"; };
		263337312841A34400E80466 /* Users.swift */ = {isa = PBXFileReference; lastKnownFileType = sourcecode.swift; path = Users.swift; sourceTree = "<group>"; };
		452F6E8BFDC7D9F9129BAEDD /* Pods_lazyfish.framework */ = {isa = PBXFileReference; explicitFileType = wrapper.framework; includeInIndex = 0; path = Pods_lazyfish.framework; sourceTree = BUILT_PRODUCTS_DIR; };
		4C2F43D81BFA5D8391D5044A /* Pods-lazyfish.debug.xcconfig */ = {isa = PBXFileReference; includeInIndex = 1; lastKnownFileType = text.xcconfig; name = "Pods-lazyfish.debug.xcconfig"; path = "Target Support Files/Pods-lazyfish/Pods-lazyfish.debug.xcconfig"; sourceTree = "<group>"; };
		8DB84156CADB2C9148856A6B /* Pods-lazyfish.release.xcconfig */ = {isa = PBXFileReference; includeInIndex = 1; lastKnownFileType = text.xcconfig; name = "Pods-lazyfish.release.xcconfig"; path = "Target Support Files/Pods-lazyfish/Pods-lazyfish.release.xcconfig"; sourceTree = "<group>"; };
/* End PBXFileReference section */

/* Begin PBXFrameworksBuildPhase section */
		262B3E01283D278200D788DA /* Frameworks */ = {
			isa = PBXFrameworksBuildPhase;
			buildActionMask = 2147483647;
			files = (
				6394DDE99E1BCA455E92E811 /* Pods_lazyfish.framework in Frameworks */,
			);
			runOnlyForDeploymentPostprocessing = 0;
		};
		262B3E16283D278200D788DA /* Frameworks */ = {
			isa = PBXFrameworksBuildPhase;
			buildActionMask = 2147483647;
			files = (
			);
			runOnlyForDeploymentPostprocessing = 0;
		};
		262B3E20283D278200D788DA /* Frameworks */ = {
			isa = PBXFrameworksBuildPhase;
			buildActionMask = 2147483647;
			files = (
			);
			runOnlyForDeploymentPostprocessing = 0;
		};
/* End PBXFrameworksBuildPhase section */

/* Begin PBXGroup section */
		262B3DFB283D278200D788DA = {
			isa = PBXGroup;
			children = (
				262B3E06283D278200D788DA /* lazyfish */,
				262B3E1C283D278200D788DA /* lazyfishTests */,
				262B3E26283D278200D788DA /* lazyfishUITests */,
				262B3E05283D278200D788DA /* Products */,
				6EE41591DC123523803FD26D /* Pods */,
				BCFF7DA17CA8031BCD8E279E /* Frameworks */,
			);
			sourceTree = "<group>";
		};
		262B3E05283D278200D788DA /* Products */ = {
			isa = PBXGroup;
			children = (
				262B3E04283D278200D788DA /* lazyfish.app */,
				262B3E19283D278200D788DA /* lazyfishTests.xctest */,
				262B3E23283D278200D788DA /* lazyfishUITests.xctest */,
			);
			name = Products;
			sourceTree = "<group>";
		};
		262B3E06283D278200D788DA /* lazyfish */ = {
			isa = PBXGroup;
			children = (
				263337302841A33100E80466 /* Data */,
				2633371B2840ECFF00E80466 /* Views */,
				262B3E07283D278200D788DA /* lazyfishApp.swift */,
				262B3E0B283D278200D788DA /* Assets.xcassets */,
				262B3E10283D278200D788DA /* Persistence.swift */,
				262B3E12283D278200D788DA /* lazyfish.xcdatamodeld */,
				262B3E0D283D278200D788DA /* Preview Content */,
				263337142840D1A500E80466 /* Global.swift */,
			);
			path = lazyfish;
			sourceTree = "<group>";
		};
		262B3E0D283D278200D788DA /* Preview Content */ = {
			isa = PBXGroup;
			children = (
				262B3E0E283D278200D788DA /* Preview Assets.xcassets */,
			);
			path = "Preview Content";
			sourceTree = "<group>";
		};
		262B3E1C283D278200D788DA /* lazyfishTests */ = {
			isa = PBXGroup;
			children = (
				262B3E1D283D278200D788DA /* lazyfishTests.swift */,
			);
			path = lazyfishTests;
			sourceTree = "<group>";
		};
		262B3E26283D278200D788DA /* lazyfishUITests */ = {
			isa = PBXGroup;
			children = (
				262B3E27283D278200D788DA /* lazyfishUITests.swift */,
				262B3E29283D278200D788DA /* lazyfishUITestsLaunchTests.swift */,
			);
			path = lazyfishUITests;
			sourceTree = "<group>";
		};
		2633371B2840ECFF00E80466 /* Views */ = {
			isa = PBXGroup;
			children = (
				263337182840D91A00E80466 /* EntranceView.swift */,
				262B3E38283DD32400D788DA /* LoginView.swift */,
				2633371C2840ED3E00E80466 /* ContextView.swift */,
				263337202841123100E80466 /* ProfileView.swift */,
				263337222841128600E80466 /* UploadView.swift */,
				263337242841129000E80466 /* PaymentView.swift */,
				263337262841129B00E80466 /* AddressView.swift */,
				26333728284112B800E80466 /* ItemCategoryView.swift */,
				2633372A284112C600E80466 /* ItemView.swift */,
				2633372E2841160A00E80466 /* SettingsView.swift */,
			);
			path = Views;
			sourceTree = "<group>";
		};
		263337302841A33100E80466 /* Data */ = {
			isa = PBXGroup;
			children = (
				263337312841A34400E80466 /* Users.swift */,
			);
			path = Data;
			sourceTree = "<group>";
		};
		6EE41591DC123523803FD26D /* Pods */ = {
			isa = PBXGroup;
			children = (
				4C2F43D81BFA5D8391D5044A /* Pods-lazyfish.debug.xcconfig */,
				8DB84156CADB2C9148856A6B /* Pods-lazyfish.release.xcconfig */,
			);
			path = Pods;
			sourceTree = "<group>";
		};
		BCFF7DA17CA8031BCD8E279E /* Frameworks */ = {
			isa = PBXGroup;
			children = (
				452F6E8BFDC7D9F9129BAEDD /* Pods_lazyfish.framework */,
			);
			name = Frameworks;
			sourceTree = "<group>";
		};
/* End PBXGroup section */

/* Begin PBXNativeTarget section */
		262B3E03283D278200D788DA /* lazyfish */ = {
			isa = PBXNativeTarget;
			buildConfigurationList = 262B3E2D283D278200D788DA /* Build configuration list for PBXNativeTarget "lazyfish" */;
			buildPhases = (
				7A9478362219D25A14C0C983 /* [CP] Check Pods Manifest.lock */,
				262B3E00283D278200D788DA /* Sources */,
				262B3E01283D278200D788DA /* Frameworks */,
				262B3E02283D278200D788DA /* Resources */,
				CEE9374659DA4D0B389BC84A /* [CP] Embed Pods Frameworks */,
			);
			buildRules = (
			);
			dependencies = (
			);
			name = lazyfish;
			productName = lazyfish;
			productReference = 262B3E04283D278200D788DA /* lazyfish.app */;
			productType = "com.apple.product-type.application";
		};
		262B3E18283D278200D788DA /* lazyfishTests */ = {
			isa = PBXNativeTarget;
			buildConfigurationList = 262B3E30283D278200D788DA /* Build configuration list for PBXNativeTarget "lazyfishTests" */;
			buildPhases = (
				262B3E15283D278200D788DA /* Sources */,
				262B3E16283D278200D788DA /* Frameworks */,
				262B3E17283D278200D788DA /* Resources */,
			);
			buildRules = (
			);
			dependencies = (
				262B3E1B283D278200D788DA /* PBXTargetDependency */,
			);
			name = lazyfishTests;
			productName = lazyfishTests;
			productReference = 262B3E19283D278200D788DA /* lazyfishTests.xctest */;
			productType = "com.apple.product-type.bundle.unit-test";
		};
		262B3E22283D278200D788DA /* lazyfishUITests */ = {
			isa = PBXNativeTarget;
			buildConfigurationList = 262B3E33283D278200D788DA /* Build configuration list for PBXNativeTarget "lazyfishUITests" */;
			buildPhases = (
				262B3E1F283D278200D788DA /* Sources */,
				262B3E20283D278200D788DA /* Frameworks */,
				262B3E21283D278200D788DA /* Resources */,
			);
			buildRules = (
			);
			dependencies = (
				262B3E25283D278200D788DA /* PBXTargetDependency */,
			);
			name = lazyfishUITests;
			productName = lazyfishUITests;
			productReference = 262B3E23283D278200D788DA /* lazyfishUITests.xctest */;
			productType = "com.apple.product-type.bundle.ui-testing";
		};
/* End PBXNativeTarget section */

/* Begin PBXProject section */
		262B3DFC283D278200D788DA /* Project object */ = {
			isa = PBXProject;
			attributes = {
				BuildIndependentTargetsInParallel = 1;
				LastSwiftUpdateCheck = 1340;
				LastUpgradeCheck = 1340;
				TargetAttributes = {
					262B3E03283D278200D788DA = {
						CreatedOnToolsVersion = 13.4;
					};
					262B3E18283D278200D788DA = {
						CreatedOnToolsVersion = 13.4;
						TestTargetID = 262B3E03283D278200D788DA;
					};
					262B3E22283D278200D788DA = {
						CreatedOnToolsVersion = 13.4;
						TestTargetID = 262B3E03283D278200D788DA;
					};
				};
			};
			buildConfigurationList = 262B3DFF283D278200D788DA /* Build configuration list for PBXProject "lazyfish" */;
			compatibilityVersion = "Xcode 13.0";
			developmentRegion = en;
			hasScannedForEncodings = 0;
			knownRegions = (
				en,
				Base,
			);
			mainGroup = 262B3DFB283D278200D788DA;
			productRefGroup = 262B3E05283D278200D788DA /* Products */;
			projectDirPath = "";
			projectRoot = "";
			targets = (
				262B3E03283D278200D788DA /* lazyfish */,
				262B3E18283D278200D788DA /* lazyfishTests */,
				262B3E22283D278200D788DA /* lazyfishUITests */,
			);
		};
/* End PBXProject section */

/* Begin PBXResourcesBuildPhase section */
		262B3E02283D278200D788DA /* Resources */ = {
			isa = PBXResourcesBuildPhase;
			buildActionMask = 2147483647;
			files = (
				262B3E0F283D278200D788DA /* Preview Assets.xcassets in Resources */,
				262B3E0C283D278200D788DA /* Assets.xcassets in Resources */,
			);
			runOnlyForDeploymentPostprocessing = 0;
		};
		262B3E17283D278200D788DA /* Resources */ = {
			isa = PBXResourcesBuildPhase;
			buildActionMask = 2147483647;
			files = (
			);
			runOnlyForDeploymentPostprocessing = 0;
		};
		262B3E21283D278200D788DA /* Resources */ = {
			isa = PBXResourcesBuildPhase;
			buildActionMask = 2147483647;
			files = (
			);
			runOnlyForDeploymentPostprocessing = 0;
		};
/* End PBXResourcesBuildPhase section */

/* Begin PBXShellScriptBuildPhase section */
		7A9478362219D25A14C0C983 /* [CP] Check Pods Manifest.lock */ = {
			isa = PBXShellScriptBuildPhase;
			buildActionMask = 2147483647;
			files = (
			);
			inputFileListPaths = (
			);
			inputPaths = (
				"${PODS_PODFILE_DIR_PATH}/Podfile.lock",
				"${PODS_ROOT}/Manifest.lock",
			);
			name = "[CP] Check Pods Manifest.lock";
			outputFileListPaths = (
			);
			outputPaths = (
				"$(DERIVED_FILE_DIR)/Pods-lazyfish-checkManifestLockResult.txt",
			);
			runOnlyForDeploymentPostprocessing = 0;
			shellPath = /bin/sh;
			shellScript = "diff \"${PODS_PODFILE_DIR_PATH}/Podfile.lock\" \"${PODS_ROOT}/Manifest.lock\" > /dev/null\nif [ $? != 0 ] ; then\n    # print error to STDERR\n    echo \"error: The sandbox is not in sync with the Podfile.lock. Run 'pod install' or update your CocoaPods installation.\" >&2\n    exit 1\nfi\n# This output is used by Xcode 'outputs' to avoid re-running this script phase.\necho \"SUCCESS\" > \"${SCRIPT_OUTPUT_FILE_0}\"\n";
			showEnvVarsInLog = 0;
		};
		CEE9374659DA4D0B389BC84A /* [CP] Embed Pods Frameworks */ = {
			isa = PBXShellScriptBuildPhase;
			buildActionMask = 2147483647;
			files = (
			);
			inputFileListPaths = (
				"${PODS_ROOT}/Target Support Files/Pods-lazyfish/Pods-lazyfish-frameworks-${CONFIGURATION}-input-files.xcfilelist",
			);
			name = "[CP] Embed Pods Frameworks";
			outputFileListPaths = (
				"${PODS_ROOT}/Target Support Files/Pods-lazyfish/Pods-lazyfish-frameworks-${CONFIGURATION}-output-files.xcfilelist",
			);
			runOnlyForDeploymentPostprocessing = 0;
			shellPath = /bin/sh;
			shellScript = "\"${PODS_ROOT}/Target Support Files/Pods-lazyfish/Pods-lazyfish-frameworks.sh\"\n";
			showEnvVarsInLog = 0;
		};
/* End PBXShellScriptBuildPhase section */

/* Begin PBXSourcesBuildPhase section */
		262B3E00283D278200D788DA /* Sources */ = {
			isa = PBXSourcesBuildPhase;
			buildActionMask = 2147483647;
			files = (
				262B3E39283DD32400D788DA /* LoginView.swift in Sources */,
				263337252841129000E80466 /* PaymentView.swift in Sources */,
				263337232841128600E80466 /* UploadView.swift in Sources */,
				263337212841123100E80466 /* ProfileView.swift in Sources */,
				262B3E11283D278200D788DA /* Persistence.swift in Sources */,
				263337272841129B00E80466 /* AddressView.swift in Sources */,
				2633371D2840ED3E00E80466 /* ContextView.swift in Sources */,
				263337322841A34400E80466 /* Users.swift in Sources */,
				2633372F2841160A00E80466 /* SettingsView.swift in Sources */,
				263337192840D91A00E80466 /* EntranceView.swift in Sources */,
				262B3E08283D278200D788DA /* lazyfishApp.swift in Sources */,
				26333729284112B800E80466 /* ItemCategoryView.swift in Sources */,
				2633372B284112C600E80466 /* ItemView.swift in Sources */,
				262B3E14283D278200D788DA /* lazyfish.xcdatamodeld in Sources */,
				263337152840D1A500E80466 /* Global.swift in Sources */,
			);
			runOnlyForDeploymentPostprocessing = 0;
		};
		262B3E15283D278200D788DA /* Sources */ = {
			isa = PBXSourcesBuildPhase;
			buildActionMask = 2147483647;
			files = (
				262B3E1E283D278200D788DA /* lazyfishTests.swift in Sources */,
			);
			runOnlyForDeploymentPostprocessing = 0;
		};
		262B3E1F283D278200D788DA /* Sources */ = {
			isa = PBXSourcesBuildPhase;
			buildActionMask = 2147483647;
			files = (
				262B3E2A283D278200D788DA /* lazyfishUITestsLaunchTests.swift in Sources */,
				262B3E28283D278200D788DA /* lazyfishUITests.swift in Sources */,
			);
			runOnlyForDeploymentPostprocessing = 0;
		};
/* End PBXSourcesBuildPhase section */

/* Begin PBXTargetDependency section */
		262B3E1B283D278200D788DA /* PBXTargetDependency */ = {
			isa = PBXTargetDependency;
			target = 262B3E03283D278200D788DA /* lazyfish */;
			targetProxy = 262B3E1A283D278200D788DA /* PBXContainerItemProxy */;
		};
		262B3E25283D278200D788DA /* PBXTargetDependency */ = {
			isa = PBXTargetDependency;
			target = 262B3E03283D278200D788DA /* lazyfish */;
			targetProxy = 262B3E24283D278200D788DA /* PBXContainerItemProxy */;
		};
/* End PBXTargetDependency section */

/* Begin XCBuildConfiguration section */
		262B3E2B283D278200D788DA /* Debug */ = {
			isa = XCBuildConfiguration;
			buildSettings = {
				ALWAYS_SEARCH_USER_PATHS = NO;
				CLANG_ANALYZER_NONNULL = YES;
				CLANG_ANALYZER_NUMBER_OBJECT_CONVERSION = YES_AGGRESSIVE;
				CLANG_CXX_LANGUAGE_STANDARD = "gnu++17";
				CLANG_ENABLE_MODULES = YES;
				CLANG_ENABLE_OBJC_ARC = YES;
				CLANG_ENABLE_OBJC_WEAK = YES;
				CLANG_WARN_BLOCK_CAPTURE_AUTORELEASING = YES;
				CLANG_WARN_BOOL_CONVERSION = YES;
				CLANG_WARN_COMMA = YES;
				CLANG_WARN_CONSTANT_CONVERSION = YES;
				CLANG_WARN_DEPRECATED_OBJC_IMPLEMENTATIONS = YES;
				CLANG_WARN_DIRECT_OBJC_ISA_USAGE = YES_ERROR;
				CLANG_WARN_DOCUMENTATION_COMMENTS = YES;
				CLANG_WARN_EMPTY_BODY = YES;
				CLANG_WARN_ENUM_CONVERSION = YES;
				CLANG_WARN_INFINITE_RECURSION = YES;
				CLANG_WARN_INT_CONVERSION = YES;
				CLANG_WARN_NON_LITERAL_NULL_CONVERSION = YES;
				CLANG_WARN_OBJC_IMPLICIT_RETAIN_SELF = YES;
				CLANG_WARN_OBJC_LITERAL_CONVERSION = YES;
				CLANG_WARN_OBJC_ROOT_CLASS = YES_ERROR;
				CLANG_WARN_QUOTED_INCLUDE_IN_FRAMEWORK_HEADER = YES;
				CLANG_WARN_RANGE_LOOP_ANALYSIS = YES;
				CLANG_WARN_STRICT_PROTOTYPES = YES;
				CLANG_WARN_SUSPICIOUS_MOVE = YES;
				CLANG_WARN_UNGUARDED_AVAILABILITY = YES_AGGRESSIVE;
				CLANG_WARN_UNREACHABLE_CODE = YES;
				CLANG_WARN__DUPLICATE_METHOD_MATCH = YES;
				COPY_PHASE_STRIP = NO;
				DEBUG_INFORMATION_FORMAT = dwarf;
				ENABLE_STRICT_OBJC_MSGSEND = YES;
				ENABLE_TESTABILITY = YES;
				GCC_C_LANGUAGE_STANDARD = gnu11;
				GCC_DYNAMIC_NO_PIC = NO;
				GCC_NO_COMMON_BLOCKS = YES;
				GCC_OPTIMIZATION_LEVEL = 0;
				GCC_PREPROCESSOR_DEFINITIONS = (
					"DEBUG=1",
					"$(inherited)",
				);
				GCC_WARN_64_TO_32_BIT_CONVERSION = YES;
				GCC_WARN_ABOUT_RETURN_TYPE = YES_ERROR;
				GCC_WARN_UNDECLARED_SELECTOR = YES;
				GCC_WARN_UNINITIALIZED_AUTOS = YES_AGGRESSIVE;
				GCC_WARN_UNUSED_FUNCTION = YES;
				GCC_WARN_UNUSED_VARIABLE = YES;
				IPHONEOS_DEPLOYMENT_TARGET = 15.5;
				MTL_ENABLE_DEBUG_INFO = INCLUDE_SOURCE;
				MTL_FAST_MATH = YES;
				ONLY_ACTIVE_ARCH = YES;
				SDKROOT = iphoneos;
				SWIFT_ACTIVE_COMPILATION_CONDITIONS = DEBUG;
				SWIFT_OPTIMIZATION_LEVEL = "-Onone";
			};
			name = Debug;
		};
		262B3E2C283D278200D788DA /* Release */ = {
			isa = XCBuildConfiguration;
			buildSettings = {
				ALWAYS_SEARCH_USER_PATHS = NO;
				CLANG_ANALYZER_NONNULL = YES;
				CLANG_ANALYZER_NUMBER_OBJECT_CONVERSION = YES_AGGRESSIVE;
				CLANG_CXX_LANGUAGE_STANDARD = "gnu++17";
				CLANG_ENABLE_MODULES = YES;
				CLANG_ENABLE_OBJC_ARC = YES;
				CLANG_ENABLE_OBJC_WEAK = YES;
				CLANG_WARN_BLOCK_CAPTURE_AUTORELEASING = YES;
				CLANG_WARN_BOOL_CONVERSION = YES;
				CLANG_WARN_COMMA = YES;
				CLANG_WARN_CONSTANT_CONVERSION = YES;
				CLANG_WARN_DEPRECATED_OBJC_IMPLEMENTATIONS = YES;
				CLANG_WARN_DIRECT_OBJC_ISA_USAGE = YES_ERROR;
				CLANG_WARN_DOCUMENTATION_COMMENTS = YES;
				CLANG_WARN_EMPTY_BODY = YES;
				CLANG_WARN_ENUM_CONVERSION = YES;
				CLANG_WARN_INFINITE_RECURSION = YES;
				CLANG_WARN_INT_CONVERSION = YES;
				CLANG_WARN_NON_LITERAL_NULL_CONVERSION = YES;
				CLANG_WARN_OBJC_IMPLICIT_RETAIN_SELF = YES;
				CLANG_WARN_OBJC_LITERAL_CONVERSION = YES;
				CLANG_WARN_OBJC_ROOT_CLASS = YES_ERROR;
				CLANG_WARN_QUOTED_INCLUDE_IN_FRAMEWORK_HEADER = YES;
				CLANG_WARN_RANGE_LOOP_ANALYSIS = YES;
				CLANG_WARN_STRICT_PROTOTYPES = YES;
				CLANG_WARN_SUSPICIOUS_MOVE = YES;
				CLANG_WARN_UNGUARDED_AVAILABILITY = YES_AGGRESSIVE;
				CLANG_WARN_UNREACHABLE_CODE = YES;
				CLANG_WARN__DUPLICATE_METHOD_MATCH = YES;
				COPY_PHASE_STRIP = NO;
				DEBUG_INFORMATION_FORMAT = "dwarf-with-dsym";
				ENABLE_NS_ASSERTIONS = NO;
				ENABLE_STRICT_OBJC_MSGSEND = YES;
				GCC_C_LANGUAGE_STANDARD = gnu11;
				GCC_NO_COMMON_BLOCKS = YES;
				GCC_WARN_64_TO_32_BIT_CONVERSION = YES;
				GCC_WARN_ABOUT_RETURN_TYPE = YES_ERROR;
				GCC_WARN_UNDECLARED_SELECTOR = YES;
				GCC_WARN_UNINITIALIZED_AUTOS = YES_AGGRESSIVE;
				GCC_WARN_UNUSED_FUNCTION = YES;
				GCC_WARN_UNUSED_VARIABLE = YES;
				IPHONEOS_DEPLOYMENT_TARGET = 15.5;
				MTL_ENABLE_DEBUG_INFO = NO;
				MTL_FAST_MATH = YES;
				SDKROOT = iphoneos;
				SWIFT_COMPILATION_MODE = wholemodule;
				SWIFT_OPTIMIZATION_LEVEL = "-O";
				VALIDATE_PRODUCT = YES;
			};
			name = Release;
		};
		262B3E2E283D278200D788DA /* Debug */ = {
			isa = XCBuildConfiguration;
			baseConfigurationReference = 4C2F43D81BFA5D8391D5044A /* Pods-lazyfish.debug.xcconfig */;
			buildSettings = {
				ASSETCATALOG_COMPILER_APPICON_NAME = AppIcon;
				ASSETCATALOG_COMPILER_GLOBAL_ACCENT_COLOR_NAME = AccentColor;
				CODE_SIGN_STYLE = Automatic;
				CURRENT_PROJECT_VERSION = 1;
				DEVELOPMENT_ASSET_PATHS = "\"lazyfish/Preview Content\"";
				DEVELOPMENT_TEAM = 524DPYAE9P;
				ENABLE_PREVIEWS = YES;
				GENERATE_INFOPLIST_FILE = YES;
				INFOPLIST_KEY_UIApplicationSceneManifest_Generation = YES;
				INFOPLIST_KEY_UIApplicationSupportsIndirectInputEvents = YES;
				INFOPLIST_KEY_UILaunchScreen_Generation = YES;
				INFOPLIST_KEY_UISupportedInterfaceOrientations_iPad = "UIInterfaceOrientationPortrait UIInterfaceOrientationPortraitUpsideDown UIInterfaceOrientationLandscapeLeft UIInterfaceOrientationLandscapeRight";
				INFOPLIST_KEY_UISupportedInterfaceOrientations_iPhone = "UIInterfaceOrientationPortrait UIInterfaceOrientationLandscapeLeft UIInterfaceOrientationLandscapeRight";
				LD_RUNPATH_SEARCH_PATHS = (
					"$(inherited)",
					"@executable_path/Frameworks",
				);
				MARKETING_VERSION = 1.0;
				PRODUCT_BUNDLE_IDENTIFIER = icu.ozline.lazyfish;
				PRODUCT_NAME = "$(TARGET_NAME)";
				SWIFT_EMIT_LOC_STRINGS = YES;
				SWIFT_VERSION = 5.0;
				TARGETED_DEVICE_FAMILY = "1,2";
			};
			name = Debug;
		};
		262B3E2F283D278200D788DA /* Release */ = {
			isa = XCBuildConfiguration;
			baseConfigurationReference = 8DB84156CADB2C9148856A6B /* Pods-lazyfish.release.xcconfig */;
			buildSettings = {
				ASSETCATALOG_COMPILER_APPICON_NAME = AppIcon;
				ASSETCATALOG_COMPILER_GLOBAL_ACCENT_COLOR_NAME = AccentColor;
				CODE_SIGN_STYLE = Automatic;
				CURRENT_PROJECT_VERSION = 1;
				DEVELOPMENT_ASSET_PATHS = "\"lazyfish/Preview Content\"";
				DEVELOPMENT_TEAM = 524DPYAE9P;
				ENABLE_PREVIEWS = YES;
				GENERATE_INFOPLIST_FILE = YES;
				INFOPLIST_KEY_UIApplicationSceneManifest_Generation = YES;
				INFOPLIST_KEY_UIApplicationSupportsIndirectInputEvents = YES;
				INFOPLIST_KEY_UILaunchScreen_Generation = YES;
				INFOPLIST_KEY_UISupportedInterfaceOrientations_iPad = "UIInterfaceOrientationPortrait UIInterfaceOrientationPortraitUpsideDown UIInterfaceOrientationLandscapeLeft UIInterfaceOrientationLandscapeRight";
				INFOPLIST_KEY_UISupportedInterfaceOrientations_iPhone = "UIInterfaceOrientationPortrait UIInterfaceOrientationLandscapeLeft UIInterfaceOrientationLandscapeRight";
				LD_RUNPATH_SEARCH_PATHS = (
					"$(inherited)",
					"@executable_path/Frameworks",
				);
				MARKETING_VERSION = 1.0;
				PRODUCT_BUNDLE_IDENTIFIER = icu.ozline.lazyfish;
				PRODUCT_NAME = "$(TARGET_NAME)";
				SWIFT_EMIT_LOC_STRINGS = YES;
				SWIFT_VERSION = 5.0;
				TARGETED_DEVICE_FAMILY = "1,2";
			};
			name = Release;
		};
		262B3E31283D278200D788DA /* Debug */ = {
			isa = XCBuildConfiguration;
			buildSettings = {
				ALWAYS_EMBED_SWIFT_STANDARD_LIBRARIES = YES;
				BUNDLE_LOADER = "$(TEST_HOST)";
				CODE_SIGN_STYLE = Automatic;
				CURRENT_PROJECT_VERSION = 1;
				DEVELOPMENT_TEAM = 524DPYAE9P;
				GENERATE_INFOPLIST_FILE = YES;
				IPHONEOS_DEPLOYMENT_TARGET = 15.5;
				MARKETING_VERSION = 1.0;
				PRODUCT_BUNDLE_IDENTIFIER = icu.ozline.lazyfishTests;
				PRODUCT_NAME = "$(TARGET_NAME)";
				SWIFT_EMIT_LOC_STRINGS = NO;
				SWIFT_VERSION = 5.0;
				TARGETED_DEVICE_FAMILY = "1,2";
				TEST_HOST = "$(BUILT_PRODUCTS_DIR)/lazyfish.app/lazyfish";
			};
			name = Debug;
		};
		262B3E32283D278200D788DA /* Release */ = {
			isa = XCBuildConfiguration;
			buildSettings = {
				ALWAYS_EMBED_SWIFT_STANDARD_LIBRARIES = YES;
				BUNDLE_LOADER = "$(TEST_HOST)";
				CODE_SIGN_STYLE = Automatic;
				CURRENT_PROJECT_VERSION = 1;
				DEVELOPMENT_TEAM = 524DPYAE9P;
				GENERATE_INFOPLIST_FILE = YES;
				IPHONEOS_DEPLOYMENT_TARGET = 15.5;
				MARKETING_VERSION = 1.0;
				PRODUCT_BUNDLE_IDENTIFIER = icu.ozline.lazyfishTests;
				PRODUCT_NAME = "$(TARGET_NAME)";
				SWIFT_EMIT_LOC_STRINGS = NO;
				SWIFT_VERSION = 5.0;
				TARGETED_DEVICE_FAMILY = "1,2";
				TEST_HOST = "$(BUILT_PRODUCTS_DIR)/lazyfish.app/lazyfish";
			};
			name = Release;
		};
		262B3E34283D278200D788DA /* Debug */ = {
			isa = XCBuildConfiguration;
			buildSettings = {
				ALWAYS_EMBED_SWIFT_STANDARD_LIBRARIES = YES;
				CODE_SIGN_STYLE = Automatic;
				CURRENT_PROJECT_VERSION = 1;
				DEVELOPMENT_TEAM = 524DPYAE9P;
				GENERATE_INFOPLIST_FILE = YES;
				MARKETING_VERSION = 1.0;
				PRODUCT_BUNDLE_IDENTIFIER = icu.ozline.lazyfishUITests;
				PRODUCT_NAME = "$(TARGET_NAME)";
				SWIFT_EMIT_LOC_STRINGS = NO;
				SWIFT_VERSION = 5.0;
				TARGETED_DEVICE_FAMILY = "1,2";
				TEST_TARGET_NAME = lazyfish;
			};
			name = Debug;
		};
		262B3E35283D278200D788DA /* Release */ = {
			isa = XCBuildConfiguration;
			buildSettings = {
				ALWAYS_EMBED_SWIFT_STANDARD_LIBRARIES = YES;
				CODE_SIGN_STYLE = Automatic;
				CURRENT_PROJECT_VERSION = 1;
				DEVELOPMENT_TEAM = 524DPYAE9P;
				GENERATE_INFOPLIST_FILE = YES;
				MARKETING_VERSION = 1.0;
				PRODUCT_BUNDLE_IDENTIFIER = icu.ozline.lazyfishUITests;
				PRODUCT_NAME = "$(TARGET_NAME)";
				SWIFT_EMIT_LOC_STRINGS = NO;
				SWIFT_VERSION = 5.0;
				TARGETED_DEVICE_FAMILY = "1,2";
				TEST_TARGET_NAME = lazyfish;
			};
			name = Release;
		};
/* End XCBuildConfiguration section */

/* Begin XCConfigurationList section */
		262B3DFF283D278200D788DA /* Build configuration list for PBXProject "lazyfish" */ = {
			isa = XCConfigurationList;
			buildConfigurations = (
				262B3E2B283D278200D788DA /* Debug */,
				262B3E2C283D278200D788DA /* Release */,
			);
			defaultConfigurationIsVisible = 0;
			defaultConfigurationName = Release;
		};
		262B3E2D283D278200D788DA /* Build configuration list for PBXNativeTarget "lazyfish" */ = {
			isa = XCConfigurationList;
			buildConfigurations = (
				262B3E2E283D278200D788DA /* Debug */,
				262B3E2F283D278200D788DA /* Release */,
			);
			defaultConfigurationIsVisible = 0;
			defaultConfigurationName = Release;
		};
		262B3E30283D278200D788DA /* Build configuration list for PBXNativeTarget "lazyfishTests" */ = {
			isa = XCConfigurationList;
			buildConfigurations = (
				262B3E31283D278200D788DA /* Debug */,
				262B3E32283D278200D788DA /* Release */,
			);
			defaultConfigurationIsVisible = 0;
			defaultConfigurationName = Release;
		};
		262B3E33283D278200D788DA /* Build configuration list for PBXNativeTarget "lazyfishUITests" */ = {
			isa = XCConfigurationList;
			buildConfigurations = (
				262B3E34283D278200D788DA /* Debug */,
				262B3E35283D278200D788DA /* Release */,
			);
			defaultConfigurationIsVisible = 0;
			defaultConfigurationName = Release;
		};
/* End XCConfigurationList section */

/* Begin XCVersionGroup section */
		262B3E12283D278200D788DA /* lazyfish.xcdatamodeld */ = {
			isa = XCVersionGroup;
			children = (
				262B3E13283D278200D788DA /* lazyfish.xcdatamodel */,
			);
			currentVersion = 262B3E13283D278200D788DA /* lazyfish.xcdatamodel */;
			path = lazyfish.xcdatamodeld;
			sourceTree = "<group>";
			versionGroupType = wrapper.xcdatamodel;
		};
/* End XCVersionGroup section */
	};
	rootObject = 262B3DFC283D278200D788DA /* Project object */;
}
